
Microsoft Visual Studio Solution File, Format Version 12.00
# Visual Studio 15
Project("{FAE04EC0-301F-11D3-BF4B-00C04F79EFBC}") = "testEto", "testEto\testEto.csproj", "{83285250-65ED-40DE-86B5-ECA4677F7519}"
EndProject
Project("{FAE04EC0-301F-11D3-BF4B-00C04F79EFBC}") = "testEto.Desktop", "testEto.Desktop\testEto.Desktop.csproj", "{7B236ADA-6339-4AD0-897D-D80F3E44F383}"
EndProject
Global
	GlobalSection(SolutionConfigurationPlatforms) = preSolution
		Debug|Any CPU = Debug|Any CPU
		Release|Any CPU = Release|Any CPU
	EndGlobalSection
	GlobalSection(ProjectConfigurationPlatforms) = postSolution
		{83285250-65ED-40DE-86B5-ECA4677F7519}.Debug|Any CPU.ActiveCfg = Debug|Any CPU
		{83285250-65ED-40DE-86B5-ECA4677F7519}.Debug|Any CPU.Build.0 = Debug|Any CPU
		{83285250-65ED-40DE-86B5-ECA4677F7519}.Release|Any CPU.ActiveCfg = Release|Any CPU
		{83285250-65ED-40DE-86B5-ECA4677F7519}.Release|Any CPU.Build.0 = Release|Any CPU
		{7B236ADA-6339-4AD0-897D-D80F3E44F383}.Debug|Any CPU.ActiveCfg = Debug|Any CPU
		{7B236ADA-6339-4AD0-897D-D80F3E44F383}.Debug|Any CPU.Build.0 = Debug|Any CPU
		{7B236ADA-6339-4AD0-897D-D80F3E44F383}.Release|Any CPU.ActiveCfg = Release|Any CPU
		{7B236ADA-6339-4AD0-897D-D80F3E44F383}.Release|Any CPU.Build.0 = Release|Any CPU
	EndGlobalSection
EndGlobal
